// !$*UTF8*$!
{
	archiveVersion = 1;
	classes = {
	};
	objectVersion = 56;
	objects = {

/* Begin PBXBuildFile section */
		958EF7C62D76889500835231 /* AppDelegate.swift in Sources */ = {isa = PBXBuildFile; fileRef = 958EF7C52D76889500835231 /* AppDelegate.swift */; };
		958EF7C82D76889500835231 /* SceneDelegate.swift in Sources */ = {isa = PBXBuildFile; fileRef = 958EF7C72D76889500835231 /* SceneDelegate.swift */; };
		958EF7CD2D76889500835231 /* Base in Resources */ = {isa = PBXBuildFile; fileRef = 958EF7CC2D76889500835231 /* Base */; };
		958EF7CF2D76889600835231 /* Assets.xcassets in Resources */ = {isa = PBXBuildFile; fileRef = 958EF7CE2D76889600835231 /* Assets.xcassets */; };
		958EF7D22D76889600835231 /* Base in Resources */ = {isa = PBXBuildFile; fileRef = 958EF7D12D76889600835231 /* Base */; };
		EDAA64922D76EE9D00CF7FA2 /* ResultViewController.swift in Sources */ = {isa = PBXBuildFile; fileRef = EDAA64912D76EE9D00CF7FA2 /* ResultViewController.swift */; };
		EDAA64AE2D76F40200CF7FA2 /* Result.swift in Sources */ = {isa = PBXBuildFile; fileRef = EDAA64AD2D76F3FA00CF7FA2 /* Result.swift */; };
		EDAA64B02D76F4EE00CF7FA2 /* ResultCollectionViewCell.swift in Sources */ = {isa = PBXBuildFile; fileRef = EDAA64AF2D76F4EE00CF7FA2 /* ResultCollectionViewCell.swift */; };
		EDAA64E62D77199100CF7FA2 /* BoldText.swift in Sources */ = {isa = PBXBuildFile; fileRef = EDAA64E52D77197E00CF7FA2 /* BoldText.swift */; };
		EDAF6BA42D76BBBB0064A192 /* Matching.swift in Sources */ = {isa = PBXBuildFile; fileRef = EDAF6BA32D76BBAF0064A192 /* Matching.swift */; };
		EDAF6BA82D76BC470064A192 /* MatchingListCollectionViewCell.swift in Sources */ = {isa = PBXBuildFile; fileRef = EDAF6BA72D76BC470064A192 /* MatchingListCollectionViewCell.swift */; };
		EDAF6BC42D76C52C0064A192 /* MatchingListViewController.swift in Sources */ = {isa = PBXBuildFile; fileRef = EDAF6BC32D76C52C0064A192 /* MatchingListViewController.swift */; };
		EDAF6BC62D76C6BB0064A192 /* UIColor.swift in Sources */ = {isa = PBXBuildFile; fileRef = EDAF6BC52D76C6B50064A192 /* UIColor.swift */; };
		EDF3681E2D781EC4001BF448 /* Result.storyboard in Resources */ = {isa = PBXBuildFile; fileRef = EDF3681D2D781EC4001BF448 /* Result.storyboard */; };
		EDF368202D794097001BF448 /* ViewController.swift in Sources */ = {isa = PBXBuildFile; fileRef = EDF3681F2D794097001BF448 /* ViewController.swift */; };
/* End PBXBuildFile section */

/* Begin PBXFileReference section */
		958EF7C22D76889500835231 /* Sogaeteam.app */ = {isa = PBXFileReference; explicitFileType = wrapper.application; includeInIndex = 0; path = Sogaeteam.app; sourceTree = BUILT_PRODUCTS_DIR; };
		958EF7C52D76889500835231 /* AppDelegate.swift */ = {isa = PBXFileReference; lastKnownFileType = sourcecode.swift; path = AppDelegate.swift; sourceTree = "<group>"; };
		958EF7C72D76889500835231 /* SceneDelegate.swift */ = {isa = PBXFileReference; lastKnownFileType = sourcecode.swift; path = SceneDelegate.swift; sourceTree = "<group>"; };
		958EF7CC2D76889500835231 /* Base */ = {isa = PBXFileReference; lastKnownFileType = file.storyboard; name = Base; path = Base.lproj/Main.storyboard; sourceTree = "<group>"; };
		958EF7CE2D76889600835231 /* Assets.xcassets */ = {isa = PBXFileReference; lastKnownFileType = folder.assetcatalog; path = Assets.xcassets; sourceTree = "<group>"; };
		958EF7D12D76889600835231 /* Base */ = {isa = PBXFileReference; lastKnownFileType = file.storyboard; name = Base; path = Base.lproj/LaunchScreen.storyboard; sourceTree = "<group>"; };
		958EF7D32D76889600835231 /* Info.plist */ = {isa = PBXFileReference; lastKnownFileType = text.plist.xml; path = Info.plist; sourceTree = "<group>"; };
		EDAA64912D76EE9D00CF7FA2 /* ResultViewController.swift */ = {isa = PBXFileReference; lastKnownFileType = sourcecode.swift; path = ResultViewController.swift; sourceTree = "<group>"; };
		EDAA64AD2D76F3FA00CF7FA2 /* Result.swift */ = {isa = PBXFileReference; lastKnownFileType = sourcecode.swift; path = Result.swift; sourceTree = "<group>"; };
		EDAA64AF2D76F4EE00CF7FA2 /* ResultCollectionViewCell.swift */ = {isa = PBXFileReference; lastKnownFileType = sourcecode.swift; path = ResultCollectionViewCell.swift; sourceTree = "<group>"; };
		EDAA64E52D77197E00CF7FA2 /* BoldText.swift */ = {isa = PBXFileReference; lastKnownFileType = sourcecode.swift; path = BoldText.swift; sourceTree = "<group>"; };
		EDAF6BA32D76BBAF0064A192 /* Matching.swift */ = {isa = PBXFileReference; lastKnownFileType = sourcecode.swift; path = Matching.swift; sourceTree = "<group>"; };
		EDAF6BA72D76BC470064A192 /* MatchingListCollectionViewCell.swift */ = {isa = PBXFileReference; lastKnownFileType = sourcecode.swift; path = MatchingListCollectionViewCell.swift; sourceTree = "<group>"; };
		EDAF6BC32D76C52C0064A192 /* MatchingListViewController.swift */ = {isa = PBXFileReference; lastKnownFileType = sourcecode.swift; path = MatchingListViewController.swift; sourceTree = "<group>"; };
		EDAF6BC52D76C6B50064A192 /* UIColor.swift */ = {isa = PBXFileReference; lastKnownFileType = sourcecode.swift; path = UIColor.swift; sourceTree = "<group>"; };
		EDF3681D2D781EC4001BF448 /* Result.storyboard */ = {isa = PBXFileReference; lastKnownFileType = file.storyboard; path = Result.storyboard; sourceTree = "<group>"; };
		EDF3681F2D794097001BF448 /* ViewController.swift */ = {isa = PBXFileReference; lastKnownFileType = sourcecode.swift; path = ViewController.swift; sourceTree = "<group>"; };
/* End PBXFileReference section */

/* Begin PBXFrameworksBuildPhase section */
		958EF7BF2D76889500835231 /* Frameworks */ = {
			isa = PBXFrameworksBuildPhase;
			buildActionMask = 2147483647;
			files = (
			);
			runOnlyForDeploymentPostprocessing = 0;
		};
/* End PBXFrameworksBuildPhase section */

/* Begin PBXGroup section */
		958EF7B92D76889500835231 = {
			isa = PBXGroup;
			children = (
				958EF7C42D76889500835231 /* Sogaeteam */,
				958EF7C32D76889500835231 /* Products */,
			);
			sourceTree = "<group>";
		};
		958EF7C32D76889500835231 /* Products */ = {
			isa = PBXGroup;
			children = (
				958EF7C22D76889500835231 /* Sogaeteam.app */,
			);
			name = Products;
			sourceTree = "<group>";
		};
		958EF7C42D76889500835231 /* Sogaeteam */ = {
			isa = PBXGroup;
			children = (
				958EF7C52D76889500835231 /* AppDelegate.swift */,
				EDAA64E52D77197E00CF7FA2 /* BoldText.swift */,
				958EF7C72D76889500835231 /* SceneDelegate.swift */,
				EDAF6BC52D76C6B50064A192 /* UIColor.swift */,
				EDAA64AD2D76F3FA00CF7FA2 /* Result.swift */,
				EDAA64912D76EE9D00CF7FA2 /* ResultViewController.swift */,
				EDF3681D2D781EC4001BF448 /* Result.storyboard */,
				EDAA64AF2D76F4EE00CF7FA2 /* ResultCollectionViewCell.swift */,
				EDAF6BA32D76BBAF0064A192 /* Matching.swift */,
				EDAF6BC32D76C52C0064A192 /* MatchingListViewController.swift */,
				EDAF6BA72D76BC470064A192 /* MatchingListCollectionViewCell.swift */,
				958EF7CB2D76889500835231 /* Main.storyboard */,
				958EF7CE2D76889600835231 /* Assets.xcassets */,
				958EF7D02D76889600835231 /* LaunchScreen.storyboard */,
				958EF7D32D76889600835231 /* Info.plist */,
				EDF3681F2D794097001BF448 /* ViewController.swift */,
			);
			path = Sogaeteam;
			sourceTree = "<group>";
		};
/* End PBXGroup section */

/* Begin PBXNativeTarget section */
		958EF7C12D76889500835231 /* Sogaeteam */ = {
			isa = PBXNativeTarget;
			buildConfigurationList = 958EF7D62D76889600835231 /* Build configuration list for PBXNativeTarget "Sogaeteam" */;
			buildPhases = (
				958EF7BE2D76889500835231 /* Sources */,
				958EF7BF2D76889500835231 /* Frameworks */,
				958EF7C02D76889500835231 /* Resources */,
			);
			buildRules = (
			);
			dependencies = (
			);
			name = Sogaeteam;
			productName = Sogaeteam;
			productReference = 958EF7C22D76889500835231 /* Sogaeteam.app */;
			productType = "com.apple.product-type.application";
		};
/* End PBXNativeTarget section */

/* Begin PBXProject section */
		958EF7BA2D76889500835231 /* Project object */ = {
			isa = PBXProject;
			attributes = {
				BuildIndependentTargetsInParallel = 1;
				LastSwiftUpdateCheck = 1530;
				LastUpgradeCheck = 1530;
				TargetAttributes = {
					958EF7C12D76889500835231 = {
						CreatedOnToolsVersion = 15.3;
					};
				};
			};
			buildConfigurationList = 958EF7BD2D76889500835231 /* Build configuration list for PBXProject "Sogaeteam" */;
			compatibilityVersion = "Xcode 14.0";
			developmentRegion = en;
			hasScannedForEncodings = 0;
			knownRegions = (
				en,
				Base,
			);
			mainGroup = 958EF7B92D76889500835231;
			productRefGroup = 958EF7C32D76889500835231 /* Products */;
			projectDirPath = "";
			projectRoot = "";
			targets = (
				958EF7C12D76889500835231 /* Sogaeteam */,
			);
		};
/* End PBXProject section */

/* Begin PBXResourcesBuildPhase section */
		958EF7C02D76889500835231 /* Resources */ = {
			isa = PBXResourcesBuildPhase;
			buildActionMask = 2147483647;
			files = (
				958EF7CF2D76889600835231 /* Assets.xcassets in Resources */,
				958EF7D22D76889600835231 /* Base in Resources */,
				958EF7CD2D76889500835231 /* Base in Resources */,
				EDF3681E2D781EC4001BF448 /* Result.storyboard in Resources */,
			);
			runOnlyForDeploymentPostprocessing = 0;
		};
/* End PBXResourcesBuildPhase section */

/* Begin PBXSourcesBuildPhase section */
		958EF7BE2D76889500835231 /* Sources */ = {
			isa = PBXSourcesBuildPhase;
			buildActionMask = 2147483647;
			files = (
				EDAF6BA42D76BBBB0064A192 /* Matching.swift in Sources */,
				EDAA64B02D76F4EE00CF7FA2 /* ResultCollectionViewCell.swift in Sources */,
				EDAA64E62D77199100CF7FA2 /* BoldText.swift in Sources */,
				EDAF6BC62D76C6BB0064A192 /* UIColor.swift in Sources */,
				EDF368202D794097001BF448 /* ViewController.swift in Sources */,
				EDAA64922D76EE9D00CF7FA2 /* ResultViewController.swift in Sources */,
				EDAF6BC42D76C52C0064A192 /* MatchingListViewController.swift in Sources */,
				958EF7C62D76889500835231 /* AppDelegate.swift in Sources */,
				958EF7C82D76889500835231 /* SceneDelegate.swift in Sources */,
				EDAA64AE2D76F40200CF7FA2 /* Result.swift in Sources */,
				EDAF6BA82D76BC470064A192 /* MatchingListCollectionViewCell.swift in Sources */,
			);
			runOnlyForDeploymentPostprocessing = 0;
		};
/* End PBXSourcesBuildPhase section */

/* Begin PBXVariantGroup section */
		958EF7CB2D76889500835231 /* Main.storyboard */ = {
			isa = PBXVariantGroup;
			children = (
				958EF7CC2D76889500835231 /* Base */,
			);
			name = Main.storyboard;
			sourceTree = "<group>";
		};
		958EF7D02D76889600835231 /* LaunchScreen.storyboard */ = {
			isa = PBXVariantGroup;
			children = (
				958EF7D12D76889600835231 /* Base */,
			);
			name = LaunchScreen.storyboard;
			sourceTree = "<group>";
		};
/* End PBXVariantGroup section */

/* Begin XCBuildConfiguration section */
		958EF7D42D76889600835231 /* Debug */ = {
			isa = XCBuildConfiguration;
			buildSettings = {
				ALWAYS_SEARCH_USER_PATHS = NO;
				ASSETCATALOG_COMPILER_GENERATE_SWIFT_ASSET_SYMBOL_EXTENSIONS = YES;
				CLANG_ANALYZER_NONNULL = YES;
				CLANG_ANALYZER_NUMBER_OBJECT_CONVERSION = YES_AGGRESSIVE;
				CLANG_CXX_LANGUAGE_STANDARD = "gnu++20";
				CLANG_ENABLE_MODULES = YES;
				CLANG_ENABLE_OBJC_ARC = YES;
				CLANG_ENABLE_OBJC_WEAK = YES;
				CLANG_WARN_BLOCK_CAPTURE_AUTORELEASING = YES;
				CLANG_WARN_BOOL_CONVERSION = YES;
				CLANG_WARN_COMMA = YES;
				CLANG_WARN_CONSTANT_CONVERSION = YES;
				CLANG_WARN_DEPRECATED_OBJC_IMPLEMENTATIONS = YES;
				CLANG_WARN_DIRECT_OBJC_ISA_USAGE = YES_ERROR;
				CLANG_WARN_DOCUMENTATION_COMMENTS = YES;
				CLANG_WARN_EMPTY_BODY = YES;
				CLANG_WARN_ENUM_CONVERSION = YES;
				CLANG_WARN_INFINITE_RECURSION = YES;
				CLANG_WARN_INT_CONVERSION = YES;
				CLANG_WARN_NON_LITERAL_NULL_CONVERSION = YES;
				CLANG_WARN_OBJC_IMPLICIT_RETAIN_SELF = YES;
				CLANG_WARN_OBJC_LITERAL_CONVERSION = YES;
				CLANG_WARN_OBJC_ROOT_CLASS = YES_ERROR;
				CLANG_WARN_QUOTED_INCLUDE_IN_FRAMEWORK_HEADER = YES;
				CLANG_WARN_RANGE_LOOP_ANALYSIS = YES;
				CLANG_WARN_STRICT_PROTOTYPES = YES;
				CLANG_WARN_SUSPICIOUS_MOVE = YES;
				CLANG_WARN_UNGUARDED_AVAILABILITY = YES_AGGRESSIVE;
				CLANG_WARN_UNREACHABLE_CODE = YES;
				CLANG_WARN__DUPLICATE_METHOD_MATCH = YES;
				COPY_PHASE_STRIP = NO;
				DEBUG_INFORMATION_FORMAT = dwarf;
				ENABLE_STRICT_OBJC_MSGSEND = YES;
				ENABLE_TESTABILITY = YES;
				ENABLE_USER_SCRIPT_SANDBOXING = YES;
				GCC_C_LANGUAGE_STANDARD = gnu17;
				GCC_DYNAMIC_NO_PIC = NO;
				GCC_NO_COMMON_BLOCKS = YES;
				GCC_OPTIMIZATION_LEVEL = 0;
				GCC_PREPROCESSOR_DEFINITIONS = (
					"DEBUG=1",
					"$(inherited)",
				);
				GCC_WARN_64_TO_32_BIT_CONVERSION = YES;
				GCC_WARN_ABOUT_RETURN_TYPE = YES_ERROR;
				GCC_WARN_UNDECLARED_SELECTOR = YES;
				GCC_WARN_UNINITIALIZED_AUTOS = YES_AGGRESSIVE;
				GCC_WARN_UNUSED_FUNCTION = YES;
				GCC_WARN_UNUSED_VARIABLE = YES;
				IPHONEOS_DEPLOYMENT_TARGET = 17.4;
				LOCALIZATION_PREFERS_STRING_CATALOGS = YES;
				MTL_ENABLE_DEBUG_INFO = INCLUDE_SOURCE;
				MTL_FAST_MATH = YES;
				ONLY_ACTIVE_ARCH = YES;
				SDKROOT = iphoneos;
				SWIFT_ACTIVE_COMPILATION_CONDITIONS = "DEBUG $(inherited)";
				SWIFT_OPTIMIZATION_LEVEL = "-Onone";
			};
			name = Debug;
		};
		958EF7D52D76889600835231 /* Release */ = {
			isa = XCBuildConfiguration;
			buildSettings = {
				ALWAYS_SEARCH_USER_PATHS = NO;
				ASSETCATALOG_COMPILER_GENERATE_SWIFT_ASSET_SYMBOL_EXTENSIONS = YES;
				CLANG_ANALYZER_NONNULL = YES;
				CLANG_ANALYZER_NUMBER_OBJECT_CONVERSION = YES_AGGRESSIVE;
				CLANG_CXX_LANGUAGE_STANDARD = "gnu++20";
				CLANG_ENABLE_MODULES = YES;
				CLANG_ENABLE_OBJC_ARC = YES;
				CLANG_ENABLE_OBJC_WEAK = YES;
				CLANG_WARN_BLOCK_CAPTURE_AUTORELEASING = YES;
				CLANG_WARN_BOOL_CONVERSION = YES;
				CLANG_WARN_COMMA = YES;
				CLANG_WARN_CONSTANT_CONVERSION = YES;
				CLANG_WARN_DEPRECATED_OBJC_IMPLEMENTATIONS = YES;
				CLANG_WARN_DIRECT_OBJC_ISA_USAGE = YES_ERROR;
				CLANG_WARN_DOCUMENTATION_COMMENTS = YES;
				CLANG_WARN_EMPTY_BODY = YES;
				CLANG_WARN_ENUM_CONVERSION = YES;
				CLANG_WARN_INFINITE_RECURSION = YES;
				CLANG_WARN_INT_CONVERSION = YES;
				CLANG_WARN_NON_LITERAL_NULL_CONVERSION = YES;
				CLANG_WARN_OBJC_IMPLICIT_RETAIN_SELF = YES;
				CLANG_WARN_OBJC_LITERAL_CONVERSION = YES;
				CLANG_WARN_OBJC_ROOT_CLASS = YES_ERROR;
				CLANG_WARN_QUOTED_INCLUDE_IN_FRAMEWORK_HEADER = YES;
				CLANG_WARN_RANGE_LOOP_ANALYSIS = YES;
				CLANG_WARN_STRICT_PROTOTYPES = YES;
				CLANG_WARN_SUSPICIOUS_MOVE = YES;
				CLANG_WARN_UNGUARDED_AVAILABILITY = YES_AGGRESSIVE;
				CLANG_WARN_UNREACHABLE_CODE = YES;
				CLANG_WARN__DUPLICATE_METHOD_MATCH = YES;
				COPY_PHASE_STRIP = NO;
				DEBUG_INFORMATION_FORMAT = "dwarf-with-dsym";
				ENABLE_NS_ASSERTIONS = NO;
				ENABLE_STRICT_OBJC_MSGSEND = YES;
				ENABLE_USER_SCRIPT_SANDBOXING = YES;
				GCC_C_LANGUAGE_STANDARD = gnu17;
				GCC_NO_COMMON_BLOCKS = YES;
				GCC_WARN_64_TO_32_BIT_CONVERSION = YES;
				GCC_WARN_ABOUT_RETURN_TYPE = YES_ERROR;
				GCC_WARN_UNDECLARED_SELECTOR = YES;
				GCC_WARN_UNINITIALIZED_AUTOS = YES_AGGRESSIVE;
				GCC_WARN_UNUSED_FUNCTION = YES;
				GCC_WARN_UNUSED_VARIABLE = YES;
				IPHONEOS_DEPLOYMENT_TARGET = 17.4;
				LOCALIZATION_PREFERS_STRING_CATALOGS = YES;
				MTL_ENABLE_DEBUG_INFO = NO;
				MTL_FAST_MATH = YES;
				SDKROOT = iphoneos;
				SWIFT_COMPILATION_MODE = wholemodule;
				VALIDATE_PRODUCT = YES;
			};
			name = Release;
		};
		958EF7D72D76889600835231 /* Debug */ = {
			isa = XCBuildConfiguration;
			buildSettings = {
				ASSETCATALOG_COMPILER_APPICON_NAME = AppIcon;
				ASSETCATALOG_COMPILER_GLOBAL_ACCENT_COLOR_NAME = AccentColor;
				CODE_SIGN_STYLE = Automatic;
				CURRENT_PROJECT_VERSION = 1;
				DEVELOPMENT_TEAM = R6V7ZUXR5H;
				GENERATE_INFOPLIST_FILE = YES;
				INFOPLIST_FILE = Sogaeteam/Info.plist;
				INFOPLIST_KEY_UIApplicationSupportsIndirectInputEvents = YES;
				INFOPLIST_KEY_UILaunchStoryboardName = LaunchScreen;
				INFOPLIST_KEY_UIMainStoryboardFile = Main;
				INFOPLIST_KEY_UISupportedInterfaceOrientations_iPad = "UIInterfaceOrientationPortrait UIInterfaceOrientationPortraitUpsideDown UIInterfaceOrientationLandscapeLeft UIInterfaceOrientationLandscapeRight";
				INFOPLIST_KEY_UISupportedInterfaceOrientations_iPhone = "UIInterfaceOrientationPortrait UIInterfaceOrientationLandscapeLeft UIInterfaceOrientationLandscapeRight";
				LD_RUNPATH_SEARCH_PATHS = (
					"$(inherited)",
					"@executable_path/Frameworks",
				);
				MARKETING_VERSION = 1.0;
				PRODUCT_BUNDLE_IDENTIFIER = com.sks5075.Sogaeteam;
				PRODUCT_NAME = "$(TARGET_NAME)";
				SWIFT_EMIT_LOC_STRINGS = YES;
				SWIFT_VERSION = 5.0;
				TARGETED_DEVICE_FAMILY = "1,2";
			};
			name = Debug;
		};
		958EF7D82D76889600835231 /* Release */ = {
			isa = XCBuildConfiguration;
			buildSettings = {
				ASSETCATALOG_COMPILER_APPICON_NAME = AppIcon;
				ASSETCATALOG_COMPILER_GLOBAL_ACCENT_COLOR_NAME = AccentColor;
				CODE_SIGN_STYLE = Automatic;
				CURRENT_PROJECT_VERSION = 1;
				DEVELOPMENT_TEAM = R6V7ZUXR5H;
				GENERATE_INFOPLIST_FILE = YES;
				INFOPLIST_FILE = Sogaeteam/Info.plist;
				INFOPLIST_KEY_UIApplicationSupportsIndirectInputEvents = YES;
				INFOPLIST_KEY_UILaunchStoryboardName = LaunchScreen;
				INFOPLIST_KEY_UIMainStoryboardFile = Main;
				INFOPLIST_KEY_UISupportedInterfaceOrientations_iPad = "UIInterfaceOrientationPortrait UIInterfaceOrientationPortraitUpsideDown UIInterfaceOrientationLandscapeLeft UIInterfaceOrientationLandscapeRight";
				INFOPLIST_KEY_UISupportedInterfaceOrientations_iPhone = "UIInterfaceOrientationPortrait UIInterfaceOrientationLandscapeLeft UIInterfaceOrientationLandscapeRight";
				LD_RUNPATH_SEARCH_PATHS = (
					"$(inherited)",
					"@executable_path/Frameworks",
				);
				MARKETING_VERSION = 1.0;
				PRODUCT_BUNDLE_IDENTIFIER = com.sks5075.Sogaeteam;
				PRODUCT_NAME = "$(TARGET_NAME)";
				SWIFT_EMIT_LOC_STRINGS = YES;
				SWIFT_VERSION = 5.0;
				TARGETED_DEVICE_FAMILY = "1,2";
			};
			name = Release;
		};
/* End XCBuildConfiguration section */

/* Begin XCConfigurationList section */
		958EF7BD2D76889500835231 /* Build configuration list for PBXProject "Sogaeteam" */ = {
			isa = XCConfigurationList;
			buildConfigurations = (
				958EF7D42D76889600835231 /* Debug */,
				958EF7D52D76889600835231 /* Release */,
			);
			defaultConfigurationIsVisible = 0;
			defaultConfigurationName = Release;
		};
		958EF7D62D76889600835231 /* Build configuration list for PBXNativeTarget "Sogaeteam" */ = {
			isa = XCConfigurationList;
			buildConfigurations = (
				958EF7D72D76889600835231 /* Debug */,
				958EF7D82D76889600835231 /* Release */,
			);
			defaultConfigurationIsVisible = 0;
			defaultConfigurationName = Release;
		};
/* End XCConfigurationList section */
	};
	rootObject = 958EF7BA2D76889500835231 /* Project object */;
}
